
Microsoft Visual Studio Solution File, Format Version 12.00
# Visual Studio Version 16
VisualStudioVersion = 16.0.31025.194
MinimumVisualStudioVersion = 10.0.40219.1
Project("{9A19103F-16F7-4668-BE54-9A1E7A4F7556}") = "Chap19App", "Chap19App\Chap19App.csproj", "{34421B86-1741-44C1-A402-41278522DE94}"
EndProject
Project("{FAE04EC0-301F-11D3-BF4B-00C04F79EFBC}") = "ThreadStateApp", "ThreadStateApp\ThreadStateApp.csproj", "{EDF91BB7-7BA3-4692-819F-AF02A5E30D39}"
EndProject
Project("{FAE04EC0-301F-11D3-BF4B-00C04F79EFBC}") = "SideTaskApp", "SideTaskApp\SideTaskApp.csproj", "{A0AE4B58-27B9-4786-A616-0402226C6A68}"
EndProject
Project("{FAE04EC0-301F-11D3-BF4B-00C04F79EFBC}") = "dsadasd", "dsadasd\dsadasd.csproj", "{3B240CBB-0894-44DA-9564-C0997094FB8F}"
EndProject
Global
	GlobalSection(SolutionConfigurationPlatforms) = preSolution
		Debug|Any CPU = Debug|Any CPU
		Release|Any CPU = Release|Any CPU
	EndGlobalSection
	GlobalSection(ProjectConfigurationPlatforms) = postSolution
		{34421B86-1741-44C1-A402-41278522DE94}.Debug|Any CPU.ActiveCfg = Debug|Any CPU
		{34421B86-1741-44C1-A402-41278522DE94}.Debug|Any CPU.Build.0 = Debug|Any CPU
		{34421B86-1741-44C1-A402-41278522DE94}.Release|Any CPU.ActiveCfg = Release|Any CPU
		{34421B86-1741-44C1-A402-41278522DE94}.Release|Any CPU.Build.0 = Release|Any CPU
		{EDF91BB7-7BA3-4692-819F-AF02A5E30D39}.Debug|Any CPU.ActiveCfg = Debug|Any CPU
		{EDF91BB7-7BA3-4692-819F-AF02A5E30D39}.Debug|Any CPU.Build.0 = Debug|Any CPU
		{EDF91BB7-7BA3-4692-819F-AF02A5E30D39}.Release|Any CPU.ActiveCfg = Release|Any CPU
		{EDF91BB7-7BA3-4692-819F-AF02A5E30D39}.Release|Any CPU.Build.0 = Release|Any CPU
		{A0AE4B58-27B9-4786-A616-0402226C6A68}.Debug|Any CPU.ActiveCfg = Debug|Any CPU
		{A0AE4B58-27B9-4786-A616-0402226C6A68}.Debug|Any CPU.Build.0 = Debug|Any CPU
		{A0AE4B58-27B9-4786-A616-0402226C6A68}.Release|Any CPU.ActiveCfg = Release|Any CPU
		{A0AE4B58-27B9-4786-A616-0402226C6A68}.Release|Any CPU.Build.0 = Release|Any CPU
		{3B240CBB-0894-44DA-9564-C0997094FB8F}.Debug|Any CPU.ActiveCfg = Debug|Any CPU
		{3B240CBB-0894-44DA-9564-C0997094FB8F}.Debug|Any CPU.Build.0 = Debug|Any CPU
		{3B240CBB-0894-44DA-9564-C0997094FB8F}.Release|Any CPU.ActiveCfg = Release|Any CPU
		{3B240CBB-0894-44DA-9564-C0997094FB8F}.Release|Any CPU.Build.0 = Release|Any CPU
	EndGlobalSection
	GlobalSection(SolutionProperties) = preSolution
		HideSolutionNode = FALSE
	EndGlobalSection
	GlobalSection(ExtensibilityGlobals) = postSolution
		SolutionGuid = {B9817A86-ABDE-425F-939C-B951C6A36880}
	EndGlobalSection
EndGlobal
