
Microsoft Visual Studio Solution File, Format Version 12.00
# Visual Studio Version 16
VisualStudioVersion = 16.0.31005.135
MinimumVisualStudioVersion = 10.0.40219.1
Project("{FAE04EC0-301F-11D3-BF4B-00C04F79EFBC}") = "Chap05App", "Chap05App\Chap05App.csproj", "{A4878ED3-463A-4F8B-9901-21F1A78AF1B3}"
EndProject
Project("{FAE04EC0-301F-11D3-BF4B-00C04F79EFBC}") = "SwitchTestApp", "SwitchTestApp\SwitchTestApp.csproj", "{2372318D-296B-434F-B41D-A5228F27E1EA}"
EndProject
Project("{FAE04EC0-301F-11D3-BF4B-00C04F79EFBC}") = "LoopTestApp", "LoopTestApp\LoopTestApp.csproj", "{63874F3F-2F6E-4F29-8AE6-665920D41FF8}"
EndProject
Project("{FAE04EC0-301F-11D3-BF4B-00C04F79EFBC}") = "StarTestApp", "StarTestApp\StarTestApp.csproj", "{3B34F5A2-1FB1-4D4C-A68C-7E5DC4567C0D}"
EndProject
Project("{FAE04EC0-301F-11D3-BF4B-00C04F79EFBC}") = "ForeachTestApp", "ForeachTestApp\ForeachTestApp.csproj", "{A60AE601-90EB-40FE-B032-1A3D9CCC72DD}"
EndProject
Project("{FAE04EC0-301F-11D3-BF4B-00C04F79EFBC}") = "InfiniteLoopApp", "InfiniteLoopApp\InfiniteLoopApp.csproj", "{7AE3DD80-D5CB-401A-BE7B-C293F8E4E898}"
EndProject
Project("{FAE04EC0-301F-11D3-BF4B-00C04F79EFBC}") = "JumpTestApp", "JumpTestApp\JumpTestApp.csproj", "{62D90D4E-1044-4317-885E-E1A75954AB54}"
EndProject
Global
	GlobalSection(SolutionConfigurationPlatforms) = preSolution
		Debug|Any CPU = Debug|Any CPU
		Release|Any CPU = Release|Any CPU
	EndGlobalSection
	GlobalSection(ProjectConfigurationPlatforms) = postSolution
		{A4878ED3-463A-4F8B-9901-21F1A78AF1B3}.Debug|Any CPU.ActiveCfg = Debug|Any CPU
		{A4878ED3-463A-4F8B-9901-21F1A78AF1B3}.Debug|Any CPU.Build.0 = Debug|Any CPU
		{A4878ED3-463A-4F8B-9901-21F1A78AF1B3}.Release|Any CPU.ActiveCfg = Release|Any CPU
		{A4878ED3-463A-4F8B-9901-21F1A78AF1B3}.Release|Any CPU.Build.0 = Release|Any CPU
		{2372318D-296B-434F-B41D-A5228F27E1EA}.Debug|Any CPU.ActiveCfg = Debug|Any CPU
		{2372318D-296B-434F-B41D-A5228F27E1EA}.Debug|Any CPU.Build.0 = Debug|Any CPU
		{2372318D-296B-434F-B41D-A5228F27E1EA}.Release|Any CPU.ActiveCfg = Release|Any CPU
		{2372318D-296B-434F-B41D-A5228F27E1EA}.Release|Any CPU.Build.0 = Release|Any CPU
		{63874F3F-2F6E-4F29-8AE6-665920D41FF8}.Debug|Any CPU.ActiveCfg = Debug|Any CPU
		{63874F3F-2F6E-4F29-8AE6-665920D41FF8}.Debug|Any CPU.Build.0 = Debug|Any CPU
		{63874F3F-2F6E-4F29-8AE6-665920D41FF8}.Release|Any CPU.ActiveCfg = Release|Any CPU
		{63874F3F-2F6E-4F29-8AE6-665920D41FF8}.Release|Any CPU.Build.0 = Release|Any CPU
		{3B34F5A2-1FB1-4D4C-A68C-7E5DC4567C0D}.Debug|Any CPU.ActiveCfg = Debug|Any CPU
		{3B34F5A2-1FB1-4D4C-A68C-7E5DC4567C0D}.Debug|Any CPU.Build.0 = Debug|Any CPU
		{3B34F5A2-1FB1-4D4C-A68C-7E5DC4567C0D}.Release|Any CPU.ActiveCfg = Release|Any CPU
		{3B34F5A2-1FB1-4D4C-A68C-7E5DC4567C0D}.Release|Any CPU.Build.0 = Release|Any CPU
		{A60AE601-90EB-40FE-B032-1A3D9CCC72DD}.Debug|Any CPU.ActiveCfg = Debug|Any CPU
		{A60AE601-90EB-40FE-B032-1A3D9CCC72DD}.Debug|Any CPU.Build.0 = Debug|Any CPU
		{A60AE601-90EB-40FE-B032-1A3D9CCC72DD}.Release|Any CPU.ActiveCfg = Release|Any CPU
		{A60AE601-90EB-40FE-B032-1A3D9CCC72DD}.Release|Any CPU.Build.0 = Release|Any CPU
		{7AE3DD80-D5CB-401A-BE7B-C293F8E4E898}.Debug|Any CPU.ActiveCfg = Debug|Any CPU
		{7AE3DD80-D5CB-401A-BE7B-C293F8E4E898}.Debug|Any CPU.Build.0 = Debug|Any CPU
		{7AE3DD80-D5CB-401A-BE7B-C293F8E4E898}.Release|Any CPU.ActiveCfg = Release|Any CPU
		{7AE3DD80-D5CB-401A-BE7B-C293F8E4E898}.Release|Any CPU.Build.0 = Release|Any CPU
		{62D90D4E-1044-4317-885E-E1A75954AB54}.Debug|Any CPU.ActiveCfg = Debug|Any CPU
		{62D90D4E-1044-4317-885E-E1A75954AB54}.Debug|Any CPU.Build.0 = Debug|Any CPU
		{62D90D4E-1044-4317-885E-E1A75954AB54}.Release|Any CPU.ActiveCfg = Release|Any CPU
		{62D90D4E-1044-4317-885E-E1A75954AB54}.Release|Any CPU.Build.0 = Release|Any CPU
	EndGlobalSection
	GlobalSection(SolutionProperties) = preSolution
		HideSolutionNode = FALSE
	EndGlobalSection
	GlobalSection(ExtensibilityGlobals) = postSolution
		SolutionGuid = {16827AFE-E7DC-4E50-95FD-3A3FD05E43C6}
	EndGlobalSection
EndGlobal
