
Microsoft Visual Studio Solution File, Format Version 12.00
# Visual Studio Version 16
VisualStudioVersion = 16.0.31019.35
MinimumVisualStudioVersion = 10.0.40219.1
Project("{9A19103F-16F7-4668-BE54-9A1E7A4F7556}") = "AddressBookApp", "AddressBookApp\AddressBookApp.csproj", "{C066B460-C88C-4F1D-BD20-6515AE19D637}"
EndProject
Global
	GlobalSection(SolutionConfigurationPlatforms) = preSolution
		Debug|Any CPU = Debug|Any CPU
		Release|Any CPU = Release|Any CPU
	EndGlobalSection
	GlobalSection(ProjectConfigurationPlatforms) = postSolution
		{C066B460-C88C-4F1D-BD20-6515AE19D637}.Debug|Any CPU.ActiveCfg = Debug|Any CPU
		{C066B460-C88C-4F1D-BD20-6515AE19D637}.Debug|Any CPU.Build.0 = Debug|Any CPU
		{C066B460-C88C-4F1D-BD20-6515AE19D637}.Release|Any CPU.ActiveCfg = Release|Any CPU
		{C066B460-C88C-4F1D-BD20-6515AE19D637}.Release|Any CPU.Build.0 = Release|Any CPU
	EndGlobalSection
	GlobalSection(SolutionProperties) = preSolution
		HideSolutionNode = FALSE
	EndGlobalSection
	GlobalSection(ExtensibilityGlobals) = postSolution
		SolutionGuid = {794C993F-58D0-43C6-85D8-577F1A989F8B}
	EndGlobalSection
EndGlobal
