
Microsoft Visual Studio Solution File, Format Version 12.00
# Visual Studio Version 16
VisualStudioVersion = 16.0.31019.35
MinimumVisualStudioVersion = 10.0.40219.1
Project("{FAE04EC0-301F-11D3-BF4B-00C04F79EFBC}") = "Chap10App", "Chap10App\Chap10App.csproj", "{3E2CCB64-4576-4212-931E-855A71AF94A7}"
EndProject
Project("{FAE04EC0-301F-11D3-BF4B-00C04F79EFBC}") = "2DegreeArrayApp", "2DegreeArrayApp\2DegreeArrayApp.csproj", "{80DBA50F-D064-4BCD-9D52-8C000ADD6FC7}"
EndProject
Project("{FAE04EC0-301F-11D3-BF4B-00C04F79EFBC}") = "ArrayListApp", "ArrayListApp\ArrayListApp.csproj", "{220F975C-4AB2-4A7A-A2FC-AF167D0F6207}"
EndProject
Project("{FAE04EC0-301F-11D3-BF4B-00C04F79EFBC}") = "HashTableApp", "HashTableApp\HashTableApp.csproj", "{AAD4F999-D345-40C5-9F6F-4C7455817D5C}"
EndProject
Project("{FAE04EC0-301F-11D3-BF4B-00C04F79EFBC}") = "initCollectionApp", "initCollectionApp\initCollectionApp.csproj", "{79045DDA-AFE7-4E42-872C-1C0627786F3E}"
EndProject
Global
	GlobalSection(SolutionConfigurationPlatforms) = preSolution
		Debug|Any CPU = Debug|Any CPU
		Release|Any CPU = Release|Any CPU
	EndGlobalSection
	GlobalSection(ProjectConfigurationPlatforms) = postSolution
		{3E2CCB64-4576-4212-931E-855A71AF94A7}.Debug|Any CPU.ActiveCfg = Debug|Any CPU
		{3E2CCB64-4576-4212-931E-855A71AF94A7}.Debug|Any CPU.Build.0 = Debug|Any CPU
		{3E2CCB64-4576-4212-931E-855A71AF94A7}.Release|Any CPU.ActiveCfg = Release|Any CPU
		{3E2CCB64-4576-4212-931E-855A71AF94A7}.Release|Any CPU.Build.0 = Release|Any CPU
		{80DBA50F-D064-4BCD-9D52-8C000ADD6FC7}.Debug|Any CPU.ActiveCfg = Debug|Any CPU
		{80DBA50F-D064-4BCD-9D52-8C000ADD6FC7}.Debug|Any CPU.Build.0 = Debug|Any CPU
		{80DBA50F-D064-4BCD-9D52-8C000ADD6FC7}.Release|Any CPU.ActiveCfg = Release|Any CPU
		{80DBA50F-D064-4BCD-9D52-8C000ADD6FC7}.Release|Any CPU.Build.0 = Release|Any CPU
		{220F975C-4AB2-4A7A-A2FC-AF167D0F6207}.Debug|Any CPU.ActiveCfg = Debug|Any CPU
		{220F975C-4AB2-4A7A-A2FC-AF167D0F6207}.Debug|Any CPU.Build.0 = Debug|Any CPU
		{220F975C-4AB2-4A7A-A2FC-AF167D0F6207}.Release|Any CPU.ActiveCfg = Release|Any CPU
		{220F975C-4AB2-4A7A-A2FC-AF167D0F6207}.Release|Any CPU.Build.0 = Release|Any CPU
		{AAD4F999-D345-40C5-9F6F-4C7455817D5C}.Debug|Any CPU.ActiveCfg = Debug|Any CPU
		{AAD4F999-D345-40C5-9F6F-4C7455817D5C}.Debug|Any CPU.Build.0 = Debug|Any CPU
		{AAD4F999-D345-40C5-9F6F-4C7455817D5C}.Release|Any CPU.ActiveCfg = Release|Any CPU
		{AAD4F999-D345-40C5-9F6F-4C7455817D5C}.Release|Any CPU.Build.0 = Release|Any CPU
		{79045DDA-AFE7-4E42-872C-1C0627786F3E}.Debug|Any CPU.ActiveCfg = Debug|Any CPU
		{79045DDA-AFE7-4E42-872C-1C0627786F3E}.Debug|Any CPU.Build.0 = Debug|Any CPU
		{79045DDA-AFE7-4E42-872C-1C0627786F3E}.Release|Any CPU.ActiveCfg = Release|Any CPU
		{79045DDA-AFE7-4E42-872C-1C0627786F3E}.Release|Any CPU.Build.0 = Release|Any CPU
	EndGlobalSection
	GlobalSection(SolutionProperties) = preSolution
		HideSolutionNode = FALSE
	EndGlobalSection
	GlobalSection(ExtensibilityGlobals) = postSolution
		SolutionGuid = {B875D01D-A4C3-48EE-8BD6-1C27515E05EA}
	EndGlobalSection
EndGlobal
