
Microsoft Visual Studio Solution File, Format Version 12.00
# Visual Studio Version 16
VisualStudioVersion = 16.0.31019.35
MinimumVisualStudioVersion = 10.0.40219.1
Project("{FAE04EC0-301F-11D3-BF4B-00C04F79EFBC}") = "PropertyTestApp", "PropertyTestApp\PropertyTestApp.csproj", "{FF0FB164-C280-4CDE-9618-1BE88E4E9401}"
EndProject
Project("{9A19103F-16F7-4668-BE54-9A1E7A4F7556}") = "PropertyTestApp2", "PropertyTestApp2\PropertyTestApp2.csproj", "{827DE47A-3936-4284-A008-98CA2CC5C3A0}"
EndProject
Project("{FAE04EC0-301F-11D3-BF4B-00C04F79EFBC}") = "TestApp최대현", "TestApp\TestApp최대현.csproj", "{950FB73D-3A6B-4A4E-84F4-53F330D2E976}"
EndProject
Project("{FAE04EC0-301F-11D3-BF4B-00C04F79EFBC}") = "googling", "googling\googling.csproj", "{ECD08C72-7D4B-4000-85C5-7828F387AC19}"
EndProject
Project("{FAE04EC0-301F-11D3-BF4B-00C04F79EFBC}") = "dasdas", "dasdas\dasdas.csproj", "{27DE420E-4DAB-463B-9987-ECF2B895C6FC}"
EndProject
Project("{FAE04EC0-301F-11D3-BF4B-00C04F79EFBC}") = "OverrideTestApp", "OverrideTestApp\OverrideTestApp.csproj", "{485D8D04-25B7-478E-B94B-30FD88544821}"
EndProject
Project("{FAE04EC0-301F-11D3-BF4B-00C04F79EFBC}") = "TupleTestApp", "TupleTestApp\TupleTestApp.csproj", "{92093F6C-8E91-4564-91AA-1D750AB4513F}"
EndProject
Global
	GlobalSection(SolutionConfigurationPlatforms) = preSolution
		Debug|Any CPU = Debug|Any CPU
		Release|Any CPU = Release|Any CPU
	EndGlobalSection
	GlobalSection(ProjectConfigurationPlatforms) = postSolution
		{FF0FB164-C280-4CDE-9618-1BE88E4E9401}.Debug|Any CPU.ActiveCfg = Debug|Any CPU
		{FF0FB164-C280-4CDE-9618-1BE88E4E9401}.Debug|Any CPU.Build.0 = Debug|Any CPU
		{FF0FB164-C280-4CDE-9618-1BE88E4E9401}.Release|Any CPU.ActiveCfg = Release|Any CPU
		{FF0FB164-C280-4CDE-9618-1BE88E4E9401}.Release|Any CPU.Build.0 = Release|Any CPU
		{827DE47A-3936-4284-A008-98CA2CC5C3A0}.Debug|Any CPU.ActiveCfg = Debug|Any CPU
		{827DE47A-3936-4284-A008-98CA2CC5C3A0}.Debug|Any CPU.Build.0 = Debug|Any CPU
		{827DE47A-3936-4284-A008-98CA2CC5C3A0}.Release|Any CPU.ActiveCfg = Release|Any CPU
		{827DE47A-3936-4284-A008-98CA2CC5C3A0}.Release|Any CPU.Build.0 = Release|Any CPU
		{950FB73D-3A6B-4A4E-84F4-53F330D2E976}.Debug|Any CPU.ActiveCfg = Debug|Any CPU
		{950FB73D-3A6B-4A4E-84F4-53F330D2E976}.Debug|Any CPU.Build.0 = Debug|Any CPU
		{950FB73D-3A6B-4A4E-84F4-53F330D2E976}.Release|Any CPU.ActiveCfg = Release|Any CPU
		{950FB73D-3A6B-4A4E-84F4-53F330D2E976}.Release|Any CPU.Build.0 = Release|Any CPU
		{ECD08C72-7D4B-4000-85C5-7828F387AC19}.Debug|Any CPU.ActiveCfg = Debug|Any CPU
		{ECD08C72-7D4B-4000-85C5-7828F387AC19}.Debug|Any CPU.Build.0 = Debug|Any CPU
		{ECD08C72-7D4B-4000-85C5-7828F387AC19}.Release|Any CPU.ActiveCfg = Release|Any CPU
		{ECD08C72-7D4B-4000-85C5-7828F387AC19}.Release|Any CPU.Build.0 = Release|Any CPU
		{27DE420E-4DAB-463B-9987-ECF2B895C6FC}.Debug|Any CPU.ActiveCfg = Debug|Any CPU
		{27DE420E-4DAB-463B-9987-ECF2B895C6FC}.Debug|Any CPU.Build.0 = Debug|Any CPU
		{27DE420E-4DAB-463B-9987-ECF2B895C6FC}.Release|Any CPU.ActiveCfg = Release|Any CPU
		{27DE420E-4DAB-463B-9987-ECF2B895C6FC}.Release|Any CPU.Build.0 = Release|Any CPU
		{485D8D04-25B7-478E-B94B-30FD88544821}.Debug|Any CPU.ActiveCfg = Debug|Any CPU
		{485D8D04-25B7-478E-B94B-30FD88544821}.Debug|Any CPU.Build.0 = Debug|Any CPU
		{485D8D04-25B7-478E-B94B-30FD88544821}.Release|Any CPU.ActiveCfg = Release|Any CPU
		{485D8D04-25B7-478E-B94B-30FD88544821}.Release|Any CPU.Build.0 = Release|Any CPU
		{92093F6C-8E91-4564-91AA-1D750AB4513F}.Debug|Any CPU.ActiveCfg = Debug|Any CPU
		{92093F6C-8E91-4564-91AA-1D750AB4513F}.Debug|Any CPU.Build.0 = Debug|Any CPU
		{92093F6C-8E91-4564-91AA-1D750AB4513F}.Release|Any CPU.ActiveCfg = Release|Any CPU
		{92093F6C-8E91-4564-91AA-1D750AB4513F}.Release|Any CPU.Build.0 = Release|Any CPU
	EndGlobalSection
	GlobalSection(SolutionProperties) = preSolution
		HideSolutionNode = FALSE
	EndGlobalSection
	GlobalSection(ExtensibilityGlobals) = postSolution
		SolutionGuid = {1E9B50F6-A9B8-4CF0-A34F-1FA5FF4845F5}
	EndGlobalSection
EndGlobal
