
Microsoft Visual Studio Solution File, Format Version 12.00
# Visual Studio Version 16
VisualStudioVersion = 16.0.31019.35
MinimumVisualStudioVersion = 10.0.40219.1
Project("{FAE04EC0-301F-11D3-BF4B-00C04F79EFBC}") = "Chap08App", "Chap08App\Chap08App.csproj", "{E422E946-D6A7-45ED-B9DE-99148F014D71}"
EndProject
Project("{9A19103F-16F7-4668-BE54-9A1E7A4F7556}") = "MultiInterfaceApp", "MultiInterfaceApp\MultiInterfaceApp.csproj", "{EC9EF5F2-0199-4317-A2DD-962775BF8A5A}"
EndProject
Project("{FAE04EC0-301F-11D3-BF4B-00C04F79EFBC}") = "InterfaceTestApp", "InterfaceTestApp\InterfaceTestApp.csproj", "{58FAAD97-11E5-4A75-9A93-59EFE2C02CA4}"
EndProject
Project("{FAE04EC0-301F-11D3-BF4B-00C04F79EFBC}") = "DBConnTestApp", "DBConnTestApp\DBConnTestApp.csproj", "{AD3F8243-C8F7-4BA6-A19E-198E07C2260A}"
EndProject
Project("{FAE04EC0-301F-11D3-BF4B-00C04F79EFBC}") = "LoggerTestApp", "LoggerTestApp\LoggerTestApp.csproj", "{DDCB0195-43AB-41A8-8FBA-C1453329BEA7}"
EndProject
Global
	GlobalSection(SolutionConfigurationPlatforms) = preSolution
		Debug|Any CPU = Debug|Any CPU
		Release|Any CPU = Release|Any CPU
	EndGlobalSection
	GlobalSection(ProjectConfigurationPlatforms) = postSolution
		{E422E946-D6A7-45ED-B9DE-99148F014D71}.Debug|Any CPU.ActiveCfg = Debug|Any CPU
		{E422E946-D6A7-45ED-B9DE-99148F014D71}.Debug|Any CPU.Build.0 = Debug|Any CPU
		{E422E946-D6A7-45ED-B9DE-99148F014D71}.Release|Any CPU.ActiveCfg = Release|Any CPU
		{E422E946-D6A7-45ED-B9DE-99148F014D71}.Release|Any CPU.Build.0 = Release|Any CPU
		{EC9EF5F2-0199-4317-A2DD-962775BF8A5A}.Debug|Any CPU.ActiveCfg = Debug|Any CPU
		{EC9EF5F2-0199-4317-A2DD-962775BF8A5A}.Debug|Any CPU.Build.0 = Debug|Any CPU
		{EC9EF5F2-0199-4317-A2DD-962775BF8A5A}.Release|Any CPU.ActiveCfg = Release|Any CPU
		{EC9EF5F2-0199-4317-A2DD-962775BF8A5A}.Release|Any CPU.Build.0 = Release|Any CPU
		{58FAAD97-11E5-4A75-9A93-59EFE2C02CA4}.Debug|Any CPU.ActiveCfg = Debug|Any CPU
		{58FAAD97-11E5-4A75-9A93-59EFE2C02CA4}.Debug|Any CPU.Build.0 = Debug|Any CPU
		{58FAAD97-11E5-4A75-9A93-59EFE2C02CA4}.Release|Any CPU.ActiveCfg = Release|Any CPU
		{58FAAD97-11E5-4A75-9A93-59EFE2C02CA4}.Release|Any CPU.Build.0 = Release|Any CPU
		{AD3F8243-C8F7-4BA6-A19E-198E07C2260A}.Debug|Any CPU.ActiveCfg = Debug|Any CPU
		{AD3F8243-C8F7-4BA6-A19E-198E07C2260A}.Debug|Any CPU.Build.0 = Debug|Any CPU
		{AD3F8243-C8F7-4BA6-A19E-198E07C2260A}.Release|Any CPU.ActiveCfg = Release|Any CPU
		{AD3F8243-C8F7-4BA6-A19E-198E07C2260A}.Release|Any CPU.Build.0 = Release|Any CPU
		{DDCB0195-43AB-41A8-8FBA-C1453329BEA7}.Debug|Any CPU.ActiveCfg = Debug|Any CPU
		{DDCB0195-43AB-41A8-8FBA-C1453329BEA7}.Debug|Any CPU.Build.0 = Debug|Any CPU
		{DDCB0195-43AB-41A8-8FBA-C1453329BEA7}.Release|Any CPU.ActiveCfg = Release|Any CPU
		{DDCB0195-43AB-41A8-8FBA-C1453329BEA7}.Release|Any CPU.Build.0 = Release|Any CPU
	EndGlobalSection
	GlobalSection(SolutionProperties) = preSolution
		HideSolutionNode = FALSE
	EndGlobalSection
	GlobalSection(ExtensibilityGlobals) = postSolution
		SolutionGuid = {1A1A6C08-12DC-4A47-9571-D9EE25F38237}
	EndGlobalSection
EndGlobal
