
Microsoft Visual Studio Solution File, Format Version 12.00
# Visual Studio Version 16
VisualStudioVersion = 16.0.31019.35
MinimumVisualStudioVersion = 10.0.40219.1
Project("{FAE04EC0-301F-11D3-BF4B-00C04F79EFBC}") = "Chap14App", "Chap14App\Chap14App.csproj", "{68EF77CE-B6F0-415D-BB5F-DF46B447A86E}"
EndProject
Project("{FAE04EC0-301F-11D3-BF4B-00C04F79EFBC}") = "Chap15App", "Chap15App\Chap15App.csproj", "{28248F81-8494-4652-A750-297316A81AC4}"
EndProject
Global
	GlobalSection(SolutionConfigurationPlatforms) = preSolution
		Debug|Any CPU = Debug|Any CPU
		Release|Any CPU = Release|Any CPU
	EndGlobalSection
	GlobalSection(ProjectConfigurationPlatforms) = postSolution
		{68EF77CE-B6F0-415D-BB5F-DF46B447A86E}.Debug|Any CPU.ActiveCfg = Debug|Any CPU
		{68EF77CE-B6F0-415D-BB5F-DF46B447A86E}.Debug|Any CPU.Build.0 = Debug|Any CPU
		{68EF77CE-B6F0-415D-BB5F-DF46B447A86E}.Release|Any CPU.ActiveCfg = Release|Any CPU
		{68EF77CE-B6F0-415D-BB5F-DF46B447A86E}.Release|Any CPU.Build.0 = Release|Any CPU
		{28248F81-8494-4652-A750-297316A81AC4}.Debug|Any CPU.ActiveCfg = Debug|Any CPU
		{28248F81-8494-4652-A750-297316A81AC4}.Debug|Any CPU.Build.0 = Debug|Any CPU
		{28248F81-8494-4652-A750-297316A81AC4}.Release|Any CPU.ActiveCfg = Release|Any CPU
		{28248F81-8494-4652-A750-297316A81AC4}.Release|Any CPU.Build.0 = Release|Any CPU
	EndGlobalSection
	GlobalSection(SolutionProperties) = preSolution
		HideSolutionNode = FALSE
	EndGlobalSection
	GlobalSection(ExtensibilityGlobals) = postSolution
		SolutionGuid = {5C05E292-0BA3-46A8-BB10-9D6EFE64477C}
	EndGlobalSection
EndGlobal
