
Microsoft Visual Studio Solution File, Format Version 12.00
# Visual Studio Version 16
VisualStudioVersion = 16.0.31005.135
MinimumVisualStudioVersion = 10.0.40219.1
Project("{FAE04EC0-301F-11D3-BF4B-00C04F79EFBC}") = "Chap06App", "Chap06App\Chap06App.csproj", "{A2239DB1-7367-4AE0-8CD7-652C751DF3DD}"
EndProject
Project("{9A19103F-16F7-4668-BE54-9A1E7A4F7556}") = "ProfileTestApp", "ProfileTestApp\ProfileTestApp.csproj", "{85CCED6A-661D-4B76-A576-0E221932F2E0}"
EndProject
Project("{FAE04EC0-301F-11D3-BF4B-00C04F79EFBC}") = "SortingTestApp", "SortingTestApp\SortingTestApp.csproj", "{844490CE-B3BF-4973-AA10-4B9B91843413}"
EndProject
Project("{FAE04EC0-301F-11D3-BF4B-00C04F79EFBC}") = "RefOutTestApp", "RefOutTestApp\RefOutTestApp.csproj", "{DB079EE3-73E7-4285-A0A9-624318AD6E01}"
EndProject
Project("{FAE04EC0-301F-11D3-BF4B-00C04F79EFBC}") = "OverloadTestApp", "OverloadTestApp\OverloadTestApp.csproj", "{9E1004E6-CB7C-4720-91B6-73C694AB133E}"
EndProject
Global
	GlobalSection(SolutionConfigurationPlatforms) = preSolution
		Debug|Any CPU = Debug|Any CPU
		Release|Any CPU = Release|Any CPU
	EndGlobalSection
	GlobalSection(ProjectConfigurationPlatforms) = postSolution
		{A2239DB1-7367-4AE0-8CD7-652C751DF3DD}.Debug|Any CPU.ActiveCfg = Debug|Any CPU
		{A2239DB1-7367-4AE0-8CD7-652C751DF3DD}.Debug|Any CPU.Build.0 = Debug|Any CPU
		{A2239DB1-7367-4AE0-8CD7-652C751DF3DD}.Release|Any CPU.ActiveCfg = Release|Any CPU
		{A2239DB1-7367-4AE0-8CD7-652C751DF3DD}.Release|Any CPU.Build.0 = Release|Any CPU
		{85CCED6A-661D-4B76-A576-0E221932F2E0}.Debug|Any CPU.ActiveCfg = Debug|Any CPU
		{85CCED6A-661D-4B76-A576-0E221932F2E0}.Debug|Any CPU.Build.0 = Debug|Any CPU
		{85CCED6A-661D-4B76-A576-0E221932F2E0}.Release|Any CPU.ActiveCfg = Release|Any CPU
		{85CCED6A-661D-4B76-A576-0E221932F2E0}.Release|Any CPU.Build.0 = Release|Any CPU
		{844490CE-B3BF-4973-AA10-4B9B91843413}.Debug|Any CPU.ActiveCfg = Debug|Any CPU
		{844490CE-B3BF-4973-AA10-4B9B91843413}.Debug|Any CPU.Build.0 = Debug|Any CPU
		{844490CE-B3BF-4973-AA10-4B9B91843413}.Release|Any CPU.ActiveCfg = Release|Any CPU
		{844490CE-B3BF-4973-AA10-4B9B91843413}.Release|Any CPU.Build.0 = Release|Any CPU
		{DB079EE3-73E7-4285-A0A9-624318AD6E01}.Debug|Any CPU.ActiveCfg = Debug|Any CPU
		{DB079EE3-73E7-4285-A0A9-624318AD6E01}.Debug|Any CPU.Build.0 = Debug|Any CPU
		{DB079EE3-73E7-4285-A0A9-624318AD6E01}.Release|Any CPU.ActiveCfg = Release|Any CPU
		{DB079EE3-73E7-4285-A0A9-624318AD6E01}.Release|Any CPU.Build.0 = Release|Any CPU
		{9E1004E6-CB7C-4720-91B6-73C694AB133E}.Debug|Any CPU.ActiveCfg = Debug|Any CPU
		{9E1004E6-CB7C-4720-91B6-73C694AB133E}.Debug|Any CPU.Build.0 = Debug|Any CPU
		{9E1004E6-CB7C-4720-91B6-73C694AB133E}.Release|Any CPU.ActiveCfg = Release|Any CPU
		{9E1004E6-CB7C-4720-91B6-73C694AB133E}.Release|Any CPU.Build.0 = Release|Any CPU
	EndGlobalSection
	GlobalSection(SolutionProperties) = preSolution
		HideSolutionNode = FALSE
	EndGlobalSection
	GlobalSection(ExtensibilityGlobals) = postSolution
		SolutionGuid = {C9744132-6FAC-4D06-B529-73BC0C54A5E2}
	EndGlobalSection
EndGlobal
